
Microsoft Visual Studio Solution File, Format Version 12.00
# Visual Studio Version 17
VisualStudioVersion = 17.6.33815.320
MinimumVisualStudioVersion = 10.0.40219.1
Project("{FAE04EC0-301F-11D3-BF4B-00C04F79EFBC}") = "assign17", "assign17.csproj", "{B71954D8-6BE3-46DE-A1AD-34DCED38DCB1}"
EndProject
Global
	GlobalSection(SolutionConfigurationPlatforms) = preSolution
		Debug|Any CPU = Debug|Any CPU
		Release|Any CPU = Release|Any CPU
	EndGlobalSection
	GlobalSection(ProjectConfigurationPlatforms) = postSolution
		{B71954D8-6BE3-46DE-A1AD-34DCED38DCB1}.Debug|Any CPU.ActiveCfg = Debug|Any CPU
		{B71954D8-6BE3-46DE-A1AD-34DCED38DCB1}.Debug|Any CPU.Build.0 = Debug|Any CPU
		{B71954D8-6BE3-46DE-A1AD-34DCED38DCB1}.Release|Any CPU.ActiveCfg = Release|Any CPU
		{B71954D8-6BE3-46DE-A1AD-34DCED38DCB1}.Release|Any CPU.Build.0 = Release|Any CPU
	EndGlobalSection
	GlobalSection(SolutionProperties) = preSolution
		HideSolutionNode = FALSE
	EndGlobalSection
	GlobalSection(ExtensibilityGlobals) = postSolution
		SolutionGuid = {F9ED0F8B-95E4-4DE9-A1B0-9C9849E4CC60}
	EndGlobalSection
EndGlobal
